
Microsoft Visual Studio Solution File, Format Version 12.00
# Visual Studio 15
VisualStudioVersion = 15.0.27130.2027
MinimumVisualStudioVersion = 10.0.40219.1
Project("{FAE04EC0-301F-11D3-BF4B-00C04F79EFBC}") = "WebFullCar", "WebFullCar\WebFullCar.csproj", "{9488CF73-0E48-4EA5-BC99-66890A8DEA85}"
EndProject
Project("{2150E333-8FDC-42A3-9474-1A3956D46DE8}") = "3.Web", "3.Web", "{35C7816E-9212-40C7-895A-102475021024}"
EndProject
Project("{FAE04EC0-301F-11D3-BF4B-00C04F79EFBC}") = "BusinessLogic", "BusinessLogic\BusinessLogic.csproj", "{6C31FA32-13BC-4334-9BE2-ED50E87D8040}"
EndProject
Project("{2150E333-8FDC-42A3-9474-1A3956D46DE8}") = "2.business Logic", "2.business Logic", "{4B884013-181B-410C-81FB-8C56FB41DFA6}"
EndProject
Project("{2150E333-8FDC-42A3-9474-1A3956D46DE8}") = "1.Infraestructure", "1.Infraestructure", "{1BE4F3B0-8C5D-4B8D-B0EA-2D2BEFAF1E8E}"
EndProject
Project("{FAE04EC0-301F-11D3-BF4B-00C04F79EFBC}") = "Infraestructure", "Infraestructure\Infraestructure.csproj", "{5D7F178A-3E03-48AC-A0D1-D21B7B547F2F}"
EndProject
Project("{FAE04EC0-301F-11D3-BF4B-00C04F79EFBC}") = "WebClientFullCar", "WebClientFullCar\WebClientFullCar.csproj", "{210AF192-3938-4EFD-96BC-C083015EF8A6}"
EndProject
Global
	GlobalSection(SolutionConfigurationPlatforms) = preSolution
		Debug|Any CPU = Debug|Any CPU
		Release|Any CPU = Release|Any CPU
	EndGlobalSection
	GlobalSection(ProjectConfigurationPlatforms) = postSolution
		{9488CF73-0E48-4EA5-BC99-66890A8DEA85}.Debug|Any CPU.ActiveCfg = Debug|Any CPU
		{9488CF73-0E48-4EA5-BC99-66890A8DEA85}.Debug|Any CPU.Build.0 = Debug|Any CPU
		{9488CF73-0E48-4EA5-BC99-66890A8DEA85}.Release|Any CPU.ActiveCfg = Release|Any CPU
		{9488CF73-0E48-4EA5-BC99-66890A8DEA85}.Release|Any CPU.Build.0 = Release|Any CPU
		{6C31FA32-13BC-4334-9BE2-ED50E87D8040}.Debug|Any CPU.ActiveCfg = Debug|Any CPU
		{6C31FA32-13BC-4334-9BE2-ED50E87D8040}.Debug|Any CPU.Build.0 = Debug|Any CPU
		{6C31FA32-13BC-4334-9BE2-ED50E87D8040}.Release|Any CPU.ActiveCfg = Release|Any CPU
		{6C31FA32-13BC-4334-9BE2-ED50E87D8040}.Release|Any CPU.Build.0 = Release|Any CPU
		{5D7F178A-3E03-48AC-A0D1-D21B7B547F2F}.Debug|Any CPU.ActiveCfg = Debug|Any CPU
		{5D7F178A-3E03-48AC-A0D1-D21B7B547F2F}.Debug|Any CPU.Build.0 = Debug|Any CPU
		{5D7F178A-3E03-48AC-A0D1-D21B7B547F2F}.Release|Any CPU.ActiveCfg = Release|Any CPU
		{5D7F178A-3E03-48AC-A0D1-D21B7B547F2F}.Release|Any CPU.Build.0 = Release|Any CPU
		{210AF192-3938-4EFD-96BC-C083015EF8A6}.Debug|Any CPU.ActiveCfg = Debug|Any CPU
		{210AF192-3938-4EFD-96BC-C083015EF8A6}.Debug|Any CPU.Build.0 = Debug|Any CPU
		{210AF192-3938-4EFD-96BC-C083015EF8A6}.Release|Any CPU.ActiveCfg = Release|Any CPU
		{210AF192-3938-4EFD-96BC-C083015EF8A6}.Release|Any CPU.Build.0 = Release|Any CPU
	EndGlobalSection
	GlobalSection(SolutionProperties) = preSolution
		HideSolutionNode = FALSE
	EndGlobalSection
	GlobalSection(NestedProjects) = preSolution
		{9488CF73-0E48-4EA5-BC99-66890A8DEA85} = {35C7816E-9212-40C7-895A-102475021024}
		{6C31FA32-13BC-4334-9BE2-ED50E87D8040} = {4B884013-181B-410C-81FB-8C56FB41DFA6}
		{5D7F178A-3E03-48AC-A0D1-D21B7B547F2F} = {1BE4F3B0-8C5D-4B8D-B0EA-2D2BEFAF1E8E}
		{210AF192-3938-4EFD-96BC-C083015EF8A6} = {35C7816E-9212-40C7-895A-102475021024}
	EndGlobalSection
	GlobalSection(ExtensibilityGlobals) = postSolution
		SolutionGuid = {0B1EEF8F-AFDB-4D5E-B277-17B93D4515F3}
	EndGlobalSection
EndGlobal
